// !$*UTF8*$!
{
	archiveVersion = 1;
	classes = {
	};
	objectVersion = 46;
	objects = {

/* Begin PBXBuildFile section */
		1A0A41A21D0184640053A547 /* PersistedUserServiceTests.swift in Sources */ = {isa = PBXBuildFile; fileRef = 1A0A41A11D0184640053A547 /* PersistedUserServiceTests.swift */; };
		1A0A41A41D018D810053A547 /* Rememberancer.swift in Sources */ = {isa = PBXBuildFile; fileRef = 1A0A41A31D018D810053A547 /* Rememberancer.swift */; };
		1A2439281D0ACC390021B547 /* UIView+BorderExtensions.swift in Sources */ = {isa = PBXBuildFile; fileRef = 1A2439271D0ACC390021B547 /* UIView+BorderExtensions.swift */; };
		1A9567CF1D12D7100052030B /* LogoView.swift in Sources */ = {isa = PBXBuildFile; fileRef = 1A9567CE1D12D7100052030B /* LogoView.swift */; };
		1A9FB9101D1063B1009F032B /* BubblesBackgroundView.swift in Sources */ = {isa = PBXBuildFile; fileRef = 1A9FB90F1D1063B1009F032B /* BubblesBackgroundView.swift */; };
		1AAC91DD1D127E9400A00238 /* SenderInfoView.swift in Sources */ = {isa = PBXBuildFile; fileRef = 1AAC91DC1D127E9400A00238 /* SenderInfoView.swift */; };
		1AB3DE241D07056700F8EAF5 /* SnapshotHelper.swift in Sources */ = {isa = PBXBuildFile; fileRef = 1AB3DE231D07056700F8EAF5 /* SnapshotHelper.swift */; };
		1AB3DE261D07057F00F8EAF5 /* SnapshotProcess.swift in Sources */ = {isa = PBXBuildFile; fileRef = 1AB3DE251D07057F00F8EAF5 /* SnapshotProcess.swift */; };
		1ABEAC661D08573D00A85CE2 /* FirebaseIdentifiers.swift in Sources */ = {isa = PBXBuildFile; fileRef = 1ABEAC651D08573D00A85CE2 /* FirebaseIdentifiers.swift */; };
		1ABEAC681D08730B00A85CE2 /* GoogleService-Info.plist in Resources */ = {isa = PBXBuildFile; fileRef = 1ABEAC671D08730B00A85CE2 /* GoogleService-Info.plist */; };
		1AECA3371D0974EC00E4D856 /* Assets.xcassets in Resources */ = {isa = PBXBuildFile; fileRef = 1AECA3361D0974EC00E4D856 /* Assets.xcassets */; };
		1AECA3391D09B41700E4D856 /* BonfireColors.swift in Sources */ = {isa = PBXBuildFile; fileRef = 1AECA3381D09B41700E4D856 /* BonfireColors.swift */; };
		1AF7D1A01CEF651600B74483 /* UsersTableViewManager.swift in Sources */ = {isa = PBXBuildFile; fileRef = 1AF7D19F1CEF651600B74483 /* UsersTableViewManager.swift */; };
		1AF7D1A21CEF659A00B74483 /* UserCell.swift in Sources */ = {isa = PBXBuildFile; fileRef = 1AF7D1A11CEF659A00B74483 /* UserCell.swift */; };
		2A9669953EF6713AF4064B53 /* Pods_Bonfire_BonfireTests.framework in Frameworks */ = {isa = PBXBuildFile; fileRef = 4AE09269AA64387314EE925E /* Pods_Bonfire_BonfireTests.framework */; };
		2C77DC9A3D905A6AE8E74FFB /* Pods_Bonfire.framework in Frameworks */ = {isa = PBXBuildFile; fileRef = 13F2FDE620ACDD8945A96B8C /* Pods_Bonfire.framework */; };
		B61BD4CA1CFEE65100DD7A70 /* SharedServices.swift in Sources */ = {isa = PBXBuildFile; fileRef = B61BD4C91CFEE65100DD7A70 /* SharedServices.swift */; };
		B61BD4CD1CFEE93000DD7A70 /* PersistedChannelServiceTests.swift in Sources */ = {isa = PBXBuildFile; fileRef = B61BD4CC1CFEE93000DD7A70 /* PersistedChannelServiceTests.swift */; };
		B6210AC61CE21FA500570509 /* FirebaseLoginService.swift in Sources */ = {isa = PBXBuildFile; fileRef = B6210AC51CE21FA500570509 /* FirebaseLoginService.swift */; };
		B6210AC81CE2318B00570509 /* UIViewController+AlertExtensions.swift in Sources */ = {isa = PBXBuildFile; fileRef = B6210AC71CE2318B00570509 /* UIViewController+AlertExtensions.swift */; };
		B6210ACC1CE24AC600570509 /* Authentication.swift in Sources */ = {isa = PBXBuildFile; fileRef = B6210ACB1CE24AC600570509 /* Authentication.swift */; };
		B621BEE11CFF1CE100B92F09 /* Users.swift in Sources */ = {isa = PBXBuildFile; fileRef = B621BEE01CFF1CE100B92F09 /* Users.swift */; };
		B621BEE31CFF2C8B00B92F09 /* Channels.swift in Sources */ = {isa = PBXBuildFile; fileRef = B621BEE21CFF2C8B00B92F09 /* Channels.swift */; };
		B621BEE51CFF379F00B92F09 /* TestScheduler+Extensions.swift in Sources */ = {isa = PBXBuildFile; fileRef = B621BEE41CFF379F00B92F09 /* TestScheduler+Extensions.swift */; };
		B62BE1C91CF89CF800326B98 /* PersistedUserService.swift in Sources */ = {isa = PBXBuildFile; fileRef = B62BE1C81CF89CF800326B98 /* PersistedUserService.swift */; };
		B636BA241CF34D9F009009F2 /* Config.swift in Sources */ = {isa = PBXBuildFile; fileRef = B636BA231CF34D9F009009F2 /* Config.swift */; };
		B636BA261CF34DDA009009F2 /* FirebaseRemoteConfig.swift in Sources */ = {isa = PBXBuildFile; fileRef = B636BA251CF34DDA009009F2 /* FirebaseRemoteConfig.swift */; };
		B63B37681CFD95CE00142DC3 /* PersistedChatService.swift in Sources */ = {isa = PBXBuildFile; fileRef = B63B37671CFD95CE00142DC3 /* PersistedChatService.swift */; };
		B63B37861CFD978500142DC3 /* PersistedChatServiceTests.swift in Sources */ = {isa = PBXBuildFile; fileRef = B63B37641CFD94BC00142DC3 /* PersistedChatServiceTests.swift */; };
		B63B37881CFD98A300142DC3 /* ChatDatabase.swift in Sources */ = {isa = PBXBuildFile; fileRef = B63B37871CFD98A300142DC3 /* ChatDatabase.swift */; };
		B63B378A1CFDCF6400142DC3 /* FirebaseChatDatabase.swift in Sources */ = {isa = PBXBuildFile; fileRef = B63B37891CFDCF6400142DC3 /* FirebaseChatDatabase.swift */; };
		B654B2671CE0C38000EEDE0A /* AppDelegate.swift in Sources */ = {isa = PBXBuildFile; fileRef = B654B2661CE0C38000EEDE0A /* AppDelegate.swift */; };
		B654B2691CE0C38000EEDE0A /* ChatViewController.swift in Sources */ = {isa = PBXBuildFile; fileRef = B654B2681CE0C38000EEDE0A /* ChatViewController.swift */; };
		B654B2711CE0C38000EEDE0A /* LaunchScreen.storyboard in Resources */ = {isa = PBXBuildFile; fileRef = B654B26F1CE0C38000EEDE0A /* LaunchScreen.storyboard */; };
		B654B2891CE0C86200EEDE0A /* UIView+AutolayoutExtensions.swift in Sources */ = {isa = PBXBuildFile; fileRef = B654B2881CE0C86200EEDE0A /* UIView+AutolayoutExtensions.swift */; };
		B654B28C1CE0CE8300EEDE0A /* Message.swift in Sources */ = {isa = PBXBuildFile; fileRef = B654B28B1CE0CE8300EEDE0A /* Message.swift */; };
		B65C45B21CE0E03F00B2179D /* FirebaseConvertible.swift in Sources */ = {isa = PBXBuildFile; fileRef = B65C45B11CE0E03F00B2179D /* FirebaseConvertible.swift */; };
		B65C45B41CE0E0F900B2179D /* Chat.swift in Sources */ = {isa = PBXBuildFile; fileRef = B65C45B31CE0E0F900B2179D /* Chat.swift */; };
		B65C45B91CE0E1EF00B2179D /* ChatView.swift in Sources */ = {isa = PBXBuildFile; fileRef = B65C45B81CE0E1EF00B2179D /* ChatView.swift */; };
		B65C45BB1CE0E46B00B2179D /* ChatPresenter.swift in Sources */ = {isa = PBXBuildFile; fileRef = B65C45BA1CE0E46B00B2179D /* ChatPresenter.swift */; };
		B65C45BD1CE0E48800B2179D /* ChatService.swift in Sources */ = {isa = PBXBuildFile; fileRef = B65C45BC1CE0E48800B2179D /* ChatService.swift */; };
		B65C45C11CE0ED8200B2179D /* ChatDisplayer.swift in Sources */ = {isa = PBXBuildFile; fileRef = B65C45C01CE0ED8200B2179D /* ChatDisplayer.swift */; };
		B65C45C31CE0EF5800B2179D /* Message+FirebaseConvertible.swift in Sources */ = {isa = PBXBuildFile; fileRef = B65C45C21CE0EF5800B2179D /* Message+FirebaseConvertible.swift */; };
		B65C45C51CE1DF0400B2179D /* ChatTableViewManager.swift in Sources */ = {isa = PBXBuildFile; fileRef = B65C45C41CE1DF0400B2179D /* ChatTableViewManager.swift */; };
		B65C45C81CE1E14400B2179D /* LoginView.swift in Sources */ = {isa = PBXBuildFile; fileRef = B65C45C71CE1E14400B2179D /* LoginView.swift */; };
		B65C45CA1CE1E31A00B2179D /* LoginViewController.swift in Sources */ = {isa = PBXBuildFile; fileRef = B65C45C91CE1E31A00B2179D /* LoginViewController.swift */; };
		B65C45CD1CE1E3F700B2179D /* LoginPresenter.swift in Sources */ = {isa = PBXBuildFile; fileRef = B65C45CC1CE1E3F700B2179D /* LoginPresenter.swift */; };
		B65C45CF1CE1E40B00B2179D /* LoginDisplayer.swift in Sources */ = {isa = PBXBuildFile; fileRef = B65C45CE1CE1E40B00B2179D /* LoginDisplayer.swift */; };
		B65C45D11CE1E41200B2179D /* LoginService.swift in Sources */ = {isa = PBXBuildFile; fileRef = B65C45D01CE1E41200B2179D /* LoginService.swift */; };
		B65C45D31CE1E4B200B2179D /* User.swift in Sources */ = {isa = PBXBuildFile; fileRef = B65C45D21CE1E4B200B2179D /* User.swift */; };
		B65C45D71CE1EFE100B2179D /* Navigator.swift in Sources */ = {isa = PBXBuildFile; fileRef = B65C45D61CE1EFE100B2179D /* Navigator.swift */; };
		B65C45DB1CE1F06E00B2179D /* AppNavigator.swift in Sources */ = {isa = PBXBuildFile; fileRef = B65C45DA1CE1F06E00B2179D /* AppNavigator.swift */; };
		B660785C1CE37FAC008E7DD4 /* ReusableView.swift in Sources */ = {isa = PBXBuildFile; fileRef = B660785B1CE37FAC008E7DD4 /* ReusableView.swift */; };
		B660785E1CE38078008E7DD4 /* MessageCell.swift in Sources */ = {isa = PBXBuildFile; fileRef = B660785D1CE38078008E7DD4 /* MessageCell.swift */; };
		B683CB521D1092F100941922 /* WelcomePresenter.swift in Sources */ = {isa = PBXBuildFile; fileRef = B683CB511D1092F100941922 /* WelcomePresenter.swift */; };
		B683CB541D1094BF00941922 /* WelcomeDisplayer.swift in Sources */ = {isa = PBXBuildFile; fileRef = B683CB531D1094BF00941922 /* WelcomeDisplayer.swift */; };
		B6962C841CEF537A006A3A9E /* UsersService.swift in Sources */ = {isa = PBXBuildFile; fileRef = B6962C831CEF537A006A3A9E /* UsersService.swift */; };
		B6962C861CEF5388006A3A9E /* UsersDisplayer.swift in Sources */ = {isa = PBXBuildFile; fileRef = B6962C851CEF5388006A3A9E /* UsersDisplayer.swift */; };
		B6962C881CEF5392006A3A9E /* UsersPresenter.swift in Sources */ = {isa = PBXBuildFile; fileRef = B6962C871CEF5392006A3A9E /* UsersPresenter.swift */; };
		B6962C8D1CEF568E006A3A9E /* UsersView.swift in Sources */ = {isa = PBXBuildFile; fileRef = B6962C8C1CEF568E006A3A9E /* UsersView.swift */; };
		B6962C8F1CEF5697006A3A9E /* UsersViewController.swift in Sources */ = {isa = PBXBuildFile; fileRef = B6962C8E1CEF5697006A3A9E /* UsersViewController.swift */; };
		B6962C911CEF5742006A3A9E /* Firebase+RxExtensions.swift in Sources */ = {isa = PBXBuildFile; fileRef = B6962C901CEF5742006A3A9E /* Firebase+RxExtensions.swift */; };
		B6AC7C151CF4589500F96722 /* Analytics.swift in Sources */ = {isa = PBXBuildFile; fileRef = B6AC7C141CF4589500F96722 /* Analytics.swift */; };
		B6AC7C171CF458E000F96722 /* FirebaseAnalytics.swift in Sources */ = {isa = PBXBuildFile; fileRef = B6AC7C161CF458E000F96722 /* FirebaseAnalytics.swift */; };
		B6BF03C11D0B0E1D001FC160 /* MyMessageCell.swift in Sources */ = {isa = PBXBuildFile; fileRef = B6BF03C01D0B0E1D001FC160 /* MyMessageCell.swift */; };
		B6C054E11CF5AE9D00B1BB6C /* WelcomeView.swift in Sources */ = {isa = PBXBuildFile; fileRef = B6C054E01CF5AE9D00B1BB6C /* WelcomeView.swift */; };
		B6C054E41CF5BE5600B1BB6C /* WelcomeViewController.swift in Sources */ = {isa = PBXBuildFile; fileRef = B6C054E31CF5BE5600B1BB6C /* WelcomeViewController.swift */; };
		B6C054E91CF7014500B1BB6C /* FirebaseDynamicLinkFactory.swift in Sources */ = {isa = PBXBuildFile; fileRef = B6C054E81CF7014500B1BB6C /* FirebaseDynamicLinkFactory.swift */; };
		B6C054EC1CF708D600B1BB6C /* DynamicLinkFactotry.swift in Sources */ = {isa = PBXBuildFile; fileRef = B6C054EB1CF708D600B1BB6C /* DynamicLinkFactotry.swift */; };
		B6C054EE1CF728BA00B1BB6C /* ChannelsDatabase.swift in Sources */ = {isa = PBXBuildFile; fileRef = B6C054ED1CF728BA00B1BB6C /* ChannelsDatabase.swift */; };
		B6C054F01CF72A2900B1BB6C /* FirebaseChannelsDatabase.swift in Sources */ = {isa = PBXBuildFile; fileRef = B6C054EF1CF72A2900B1BB6C /* FirebaseChannelsDatabase.swift */; };
		B6C054F21CF73E6900B1BB6C /* UserDatabase.swift in Sources */ = {isa = PBXBuildFile; fileRef = B6C054F11CF73E6900B1BB6C /* UserDatabase.swift */; };
		B6C054F41CF73EE800B1BB6C /* FirebaseUserDatabase.swift in Sources */ = {isa = PBXBuildFile; fileRef = B6C054F31CF73EE800B1BB6C /* FirebaseUserDatabase.swift */; };
		B6C054F61CF749DF00B1BB6C /* PersistedChannelsService.swift in Sources */ = {isa = PBXBuildFile; fileRef = B6C054F51CF749DF00B1BB6C /* PersistedChannelsService.swift */; };
		B6CC1CE91CEC74CC00BA8500 /* Channel+FirebaseConvertible.swift in Sources */ = {isa = PBXBuildFile; fileRef = B6CC1CE81CEC74CC00BA8500 /* Channel+FirebaseConvertible.swift */; };
		B6CC1CEB1CEC992F00BA8500 /* Observable+Extensions.swift in Sources */ = {isa = PBXBuildFile; fileRef = B6CC1CEA1CEC992F00BA8500 /* Observable+Extensions.swift */; };
		B6CC1CEE1CECA83600BA8500 /* CreateChannelPresenter.swift in Sources */ = {isa = PBXBuildFile; fileRef = B6CC1CED1CECA83600BA8500 /* CreateChannelPresenter.swift */; };
		B6CC1CF01CECA96B00BA8500 /* CreateChannelDisplayer.swift in Sources */ = {isa = PBXBuildFile; fileRef = B6CC1CEF1CECA96B00BA8500 /* CreateChannelDisplayer.swift */; };
		B6CC1CF31CECB05900BA8500 /* CreateChannelView.swift in Sources */ = {isa = PBXBuildFile; fileRef = B6CC1CF21CECB05900BA8500 /* CreateChannelView.swift */; };
		B6CC1CF51CECB3E500BA8500 /* CreateChannelViewController.swift in Sources */ = {isa = PBXBuildFile; fileRef = B6CC1CF41CECB3E500BA8500 /* CreateChannelViewController.swift */; };
		B6ECCEAE1CE3477000580434 /* User+FirebaseConvertible.swift in Sources */ = {isa = PBXBuildFile; fileRef = B6ECCEAD1CE3477000580434 /* User+FirebaseConvertible.swift */; };
		D0C31583D21898285630F157 /* ChannelsService.swift in Sources */ = {isa = PBXBuildFile; fileRef = D0C318BAA30984F559ACD8D2 /* ChannelsService.swift */; };
		D0C317C9CD54BDC5F4607BCD /* ChannelsTableViewManager.swift in Sources */ = {isa = PBXBuildFile; fileRef = D0C3139DAF23783F159C1640 /* ChannelsTableViewManager.swift */; };
		D0C317D2ED38A77789D6B864 /* Channel.swift in Sources */ = {isa = PBXBuildFile; fileRef = D0C3118D694918412533A84F /* Channel.swift */; };
		D0C3182DE2D857AA460FCFA9 /* DatabaseResult.swift in Sources */ = {isa = PBXBuildFile; fileRef = D0C318C841B6FF1360F3261D /* DatabaseResult.swift */; };
		D0C319895F726FA2DAECFC21 /* ChannelsViewController.swift in Sources */ = {isa = PBXBuildFile; fileRef = D0C3119EA7B34321EC65CBAF /* ChannelsViewController.swift */; };
		D0C31B830B0684A6D238C842 /* ChannelsView.swift in Sources */ = {isa = PBXBuildFile; fileRef = D0C3169A5FF39E209C5BA3EE /* ChannelsView.swift */; };
		D0C31D0085982E1BA7EB3638 /* ChannelsDisplayer.swift in Sources */ = {isa = PBXBuildFile; fileRef = D0C31879D1AD9CF1461F5956 /* ChannelsDisplayer.swift */; };
		D0C31F91CCF73EC549BE1264 /* ChannelCell.swift in Sources */ = {isa = PBXBuildFile; fileRef = D0C31525ED6865A9B8F030CA /* ChannelCell.swift */; };
		D0C31FE2185A206D4B6AB6ED /* ChannelsPresenter.swift in Sources */ = {isa = PBXBuildFile; fileRef = D0C31217E78F04ADE3808836 /* ChannelsPresenter.swift */; };
/* End PBXBuildFile section */

/* Begin PBXContainerItemProxy section */
		1AB3DE1E1D0704F500F8EAF5 /* PBXContainerItemProxy */ = {
			isa = PBXContainerItemProxy;
			containerPortal = B654B25B1CE0C38000EEDE0A /* Project object */;
			proxyType = 1;
			remoteGlobalIDString = B654B2621CE0C38000EEDE0A;
			remoteInfo = Bonfire;
		};
		B63B37811CFD975A00142DC3 /* PBXContainerItemProxy */ = {
			isa = PBXContainerItemProxy;
			containerPortal = B654B25B1CE0C38000EEDE0A /* Project object */;
			proxyType = 1;
			remoteGlobalIDString = B654B2621CE0C38000EEDE0A;
			remoteInfo = Bonfire;
		};
/* End PBXContainerItemProxy section */

/* Begin PBXFileReference section */
		0858A88D8E7AB853E0338EF2 /* Pods-Bonfire-BonfireTests.release.xcconfig */ = {isa = PBXFileReference; includeInIndex = 1; lastKnownFileType = text.xcconfig; name = "Pods-Bonfire-BonfireTests.release.xcconfig"; path = "Pods/Target Support Files/Pods-Bonfire-BonfireTests/Pods-Bonfire-BonfireTests.release.xcconfig"; sourceTree = "<group>"; };
		13F2FDE620ACDD8945A96B8C /* Pods_Bonfire.framework */ = {isa = PBXFileReference; explicitFileType = wrapper.framework; includeInIndex = 0; path = Pods_Bonfire.framework; sourceTree = BUILT_PRODUCTS_DIR; };
		1A0A41A11D0184640053A547 /* PersistedUserServiceTests.swift */ = {isa = PBXFileReference; fileEncoding = 4; lastKnownFileType = sourcecode.swift; path = PersistedUserServiceTests.swift; sourceTree = "<group>"; };
		1A0A41A31D018D810053A547 /* Rememberancer.swift */ = {isa = PBXFileReference; fileEncoding = 4; lastKnownFileType = sourcecode.swift; path = Rememberancer.swift; sourceTree = "<group>"; };
		1A2439271D0ACC390021B547 /* UIView+BorderExtensions.swift */ = {isa = PBXFileReference; fileEncoding = 4; lastKnownFileType = sourcecode.swift; path = "UIView+BorderExtensions.swift"; sourceTree = "<group>"; };
		1A9567CE1D12D7100052030B /* LogoView.swift */ = {isa = PBXFileReference; fileEncoding = 4; lastKnownFileType = sourcecode.swift; path = LogoView.swift; sourceTree = "<group>"; };
		1A9FB90F1D1063B1009F032B /* BubblesBackgroundView.swift */ = {isa = PBXFileReference; fileEncoding = 4; lastKnownFileType = sourcecode.swift; path = BubblesBackgroundView.swift; sourceTree = "<group>"; };
		1AAC91DC1D127E9400A00238 /* SenderInfoView.swift */ = {isa = PBXFileReference; fileEncoding = 4; lastKnownFileType = sourcecode.swift; path = SenderInfoView.swift; sourceTree = "<group>"; };
		1AB3DE191D0704F400F8EAF5 /* BonfireUITests.xctest */ = {isa = PBXFileReference; explicitFileType = wrapper.cfbundle; includeInIndex = 0; path = BonfireUITests.xctest; sourceTree = BUILT_PRODUCTS_DIR; };
		1AB3DE1D1D0704F500F8EAF5 /* Info.plist */ = {isa = PBXFileReference; lastKnownFileType = text.plist.xml; path = Info.plist; sourceTree = "<group>"; };
		1AB3DE231D07056700F8EAF5 /* SnapshotHelper.swift */ = {isa = PBXFileReference; fileEncoding = 4; lastKnownFileType = sourcecode.swift; path = SnapshotHelper.swift; sourceTree = "<group>"; };
		1AB3DE251D07057F00F8EAF5 /* SnapshotProcess.swift */ = {isa = PBXFileReference; fileEncoding = 4; lastKnownFileType = sourcecode.swift; path = SnapshotProcess.swift; sourceTree = "<group>"; };
		1ABEAC651D08573D00A85CE2 /* FirebaseIdentifiers.swift */ = {isa = PBXFileReference; fileEncoding = 4; lastKnownFileType = sourcecode.swift; path = FirebaseIdentifiers.swift; sourceTree = "<group>"; };
		1ABEAC671D08730B00A85CE2 /* GoogleService-Info.plist */ = {isa = PBXFileReference; fileEncoding = 4; lastKnownFileType = text.plist.xml; path = "GoogleService-Info.plist"; sourceTree = SOURCE_ROOT; };
		1AECA3361D0974EC00E4D856 /* Assets.xcassets */ = {isa = PBXFileReference; lastKnownFileType = folder.assetcatalog; name = Assets.xcassets; path = Bonfire/Assets.xcassets; sourceTree = SOURCE_ROOT; };
		1AECA3381D09B41700E4D856 /* BonfireColors.swift */ = {isa = PBXFileReference; fileEncoding = 4; lastKnownFileType = sourcecode.swift; path = BonfireColors.swift; sourceTree = "<group>"; };
		1AF7D19F1CEF651600B74483 /* UsersTableViewManager.swift */ = {isa = PBXFileReference; fileEncoding = 4; lastKnownFileType = sourcecode.swift; path = UsersTableViewManager.swift; sourceTree = "<group>"; };
		1AF7D1A11CEF659A00B74483 /* UserCell.swift */ = {isa = PBXFileReference; fileEncoding = 4; lastKnownFileType = sourcecode.swift; path = UserCell.swift; sourceTree = "<group>"; };
		4AE09269AA64387314EE925E /* Pods_Bonfire_BonfireTests.framework */ = {isa = PBXFileReference; explicitFileType = wrapper.framework; includeInIndex = 0; path = Pods_Bonfire_BonfireTests.framework; sourceTree = BUILT_PRODUCTS_DIR; };
		61C2133CEB958634033B29B5 /* Pods-Bonfire.release.xcconfig */ = {isa = PBXFileReference; includeInIndex = 1; lastKnownFileType = text.xcconfig; name = "Pods-Bonfire.release.xcconfig"; path = "Pods/Target Support Files/Pods-Bonfire/Pods-Bonfire.release.xcconfig"; sourceTree = "<group>"; };
		70F10478B44ECEDE0486D095 /* Pods-BonfireTests.debug.xcconfig */ = {isa = PBXFileReference; includeInIndex = 1; lastKnownFileType = text.xcconfig; name = "Pods-BonfireTests.debug.xcconfig"; path = "Pods/Target Support Files/Pods-BonfireTests/Pods-BonfireTests.debug.xcconfig"; sourceTree = "<group>"; };
		8297D97C9651CE491D681CBF /* Pods-Bonfire.debug.xcconfig */ = {isa = PBXFileReference; includeInIndex = 1; lastKnownFileType = text.xcconfig; name = "Pods-Bonfire.debug.xcconfig"; path = "Pods/Target Support Files/Pods-Bonfire/Pods-Bonfire.debug.xcconfig"; sourceTree = "<group>"; };
		B61BD4C91CFEE65100DD7A70 /* SharedServices.swift */ = {isa = PBXFileReference; fileEncoding = 4; lastKnownFileType = sourcecode.swift; path = SharedServices.swift; sourceTree = "<group>"; };
		B61BD4CC1CFEE93000DD7A70 /* PersistedChannelServiceTests.swift */ = {isa = PBXFileReference; fileEncoding = 4; lastKnownFileType = sourcecode.swift; path = PersistedChannelServiceTests.swift; sourceTree = "<group>"; };
		B6210AC51CE21FA500570509 /* FirebaseLoginService.swift */ = {isa = PBXFileReference; fileEncoding = 4; lastKnownFileType = sourcecode.swift; path = FirebaseLoginService.swift; sourceTree = "<group>"; };
		B6210AC71CE2318B00570509 /* UIViewController+AlertExtensions.swift */ = {isa = PBXFileReference; fileEncoding = 4; lastKnownFileType = sourcecode.swift; path = "UIViewController+AlertExtensions.swift"; sourceTree = "<group>"; };
		B6210ACB1CE24AC600570509 /* Authentication.swift */ = {isa = PBXFileReference; fileEncoding = 4; lastKnownFileType = sourcecode.swift; path = Authentication.swift; sourceTree = "<group>"; };
		B621BEE01CFF1CE100B92F09 /* Users.swift */ = {isa = PBXFileReference; fileEncoding = 4; lastKnownFileType = sourcecode.swift; path = Users.swift; sourceTree = "<group>"; };
		B621BEE21CFF2C8B00B92F09 /* Channels.swift */ = {isa = PBXFileReference; fileEncoding = 4; lastKnownFileType = sourcecode.swift; path = Channels.swift; sourceTree = "<group>"; };
		B621BEE41CFF379F00B92F09 /* TestScheduler+Extensions.swift */ = {isa = PBXFileReference; fileEncoding = 4; lastKnownFileType = sourcecode.swift; path = "TestScheduler+Extensions.swift"; sourceTree = "<group>"; };
		B62BE1C81CF89CF800326B98 /* PersistedUserService.swift */ = {isa = PBXFileReference; fileEncoding = 4; lastKnownFileType = sourcecode.swift; path = PersistedUserService.swift; sourceTree = "<group>"; };
		B636BA231CF34D9F009009F2 /* Config.swift */ = {isa = PBXFileReference; fileEncoding = 4; lastKnownFileType = sourcecode.swift; path = Config.swift; sourceTree = "<group>"; };
		B636BA251CF34DDA009009F2 /* FirebaseRemoteConfig.swift */ = {isa = PBXFileReference; fileEncoding = 4; lastKnownFileType = sourcecode.swift; path = FirebaseRemoteConfig.swift; sourceTree = "<group>"; };
		B63B37641CFD94BC00142DC3 /* PersistedChatServiceTests.swift */ = {isa = PBXFileReference; fileEncoding = 4; lastKnownFileType = sourcecode.swift; path = PersistedChatServiceTests.swift; sourceTree = "<group>"; };
		B63B37671CFD95CE00142DC3 /* PersistedChatService.swift */ = {isa = PBXFileReference; fileEncoding = 4; lastKnownFileType = sourcecode.swift; path = PersistedChatService.swift; sourceTree = "<group>"; };
		B63B377C1CFD975A00142DC3 /* BonfireTests.xctest */ = {isa = PBXFileReference; explicitFileType = wrapper.cfbundle; includeInIndex = 0; path = BonfireTests.xctest; sourceTree = BUILT_PRODUCTS_DIR; };
		B63B37801CFD975A00142DC3 /* Info.plist */ = {isa = PBXFileReference; lastKnownFileType = text.plist.xml; path = Info.plist; sourceTree = "<group>"; };
		B63B37871CFD98A300142DC3 /* ChatDatabase.swift */ = {isa = PBXFileReference; fileEncoding = 4; lastKnownFileType = sourcecode.swift; path = ChatDatabase.swift; sourceTree = "<group>"; };
		B63B37891CFDCF6400142DC3 /* FirebaseChatDatabase.swift */ = {isa = PBXFileReference; fileEncoding = 4; lastKnownFileType = sourcecode.swift; path = FirebaseChatDatabase.swift; sourceTree = "<group>"; };
		B654B2631CE0C38000EEDE0A /* Bonfire.app */ = {isa = PBXFileReference; explicitFileType = wrapper.application; includeInIndex = 0; path = Bonfire.app; sourceTree = BUILT_PRODUCTS_DIR; };
		B654B2661CE0C38000EEDE0A /* AppDelegate.swift */ = {isa = PBXFileReference; lastKnownFileType = sourcecode.swift; path = AppDelegate.swift; sourceTree = "<group>"; };
		B654B2681CE0C38000EEDE0A /* ChatViewController.swift */ = {isa = PBXFileReference; lastKnownFileType = sourcecode.swift; path = ChatViewController.swift; sourceTree = "<group>"; };
		B654B2701CE0C38000EEDE0A /* Base */ = {isa = PBXFileReference; lastKnownFileType = file.storyboard; name = Base; path = Base.lproj/LaunchScreen.storyboard; sourceTree = "<group>"; };
		B654B2721CE0C38000EEDE0A /* Info.plist */ = {isa = PBXFileReference; lastKnownFileType = text.plist.xml; path = Info.plist; sourceTree = "<group>"; };
		B654B2881CE0C86200EEDE0A /* UIView+AutolayoutExtensions.swift */ = {isa = PBXFileReference; fileEncoding = 4; lastKnownFileType = sourcecode.swift; path = "UIView+AutolayoutExtensions.swift"; sourceTree = "<group>"; };
		B654B28B1CE0CE8300EEDE0A /* Message.swift */ = {isa = PBXFileReference; fileEncoding = 4; lastKnownFileType = sourcecode.swift; path = Message.swift; sourceTree = "<group>"; };
		B65C45B11CE0E03F00B2179D /* FirebaseConvertible.swift */ = {isa = PBXFileReference; fileEncoding = 4; lastKnownFileType = sourcecode.swift; path = FirebaseConvertible.swift; sourceTree = "<group>"; };
		B65C45B31CE0E0F900B2179D /* Chat.swift */ = {isa = PBXFileReference; fileEncoding = 4; lastKnownFileType = sourcecode.swift; path = Chat.swift; sourceTree = "<group>"; };
		B65C45B81CE0E1EF00B2179D /* ChatView.swift */ = {isa = PBXFileReference; fileEncoding = 4; lastKnownFileType = sourcecode.swift; path = ChatView.swift; sourceTree = "<group>"; };
		B65C45BA1CE0E46B00B2179D /* ChatPresenter.swift */ = {isa = PBXFileReference; fileEncoding = 4; lastKnownFileType = sourcecode.swift; path = ChatPresenter.swift; sourceTree = "<group>"; };
		B65C45BC1CE0E48800B2179D /* ChatService.swift */ = {isa = PBXFileReference; fileEncoding = 4; lastKnownFileType = sourcecode.swift; path = ChatService.swift; sourceTree = "<group>"; };
		B65C45C01CE0ED8200B2179D /* ChatDisplayer.swift */ = {isa = PBXFileReference; fileEncoding = 4; lastKnownFileType = sourcecode.swift; path = ChatDisplayer.swift; sourceTree = "<group>"; };
		B65C45C21CE0EF5800B2179D /* Message+FirebaseConvertible.swift */ = {isa = PBXFileReference; fileEncoding = 4; lastKnownFileType = sourcecode.swift; path = "Message+FirebaseConvertible.swift"; sourceTree = "<group>"; };
		B65C45C41CE1DF0400B2179D /* ChatTableViewManager.swift */ = {isa = PBXFileReference; fileEncoding = 4; lastKnownFileType = sourcecode.swift; path = ChatTableViewManager.swift; sourceTree = "<group>"; };
		B65C45C71CE1E14400B2179D /* LoginView.swift */ = {isa = PBXFileReference; fileEncoding = 4; lastKnownFileType = sourcecode.swift; path = LoginView.swift; sourceTree = "<group>"; };
		B65C45C91CE1E31A00B2179D /* LoginViewController.swift */ = {isa = PBXFileReference; fileEncoding = 4; lastKnownFileType = sourcecode.swift; path = LoginViewController.swift; sourceTree = "<group>"; };
		B65C45CC1CE1E3F700B2179D /* LoginPresenter.swift */ = {isa = PBXFileReference; fileEncoding = 4; lastKnownFileType = sourcecode.swift; path = LoginPresenter.swift; sourceTree = "<group>"; };
		B65C45CE1CE1E40B00B2179D /* LoginDisplayer.swift */ = {isa = PBXFileReference; fileEncoding = 4; lastKnownFileType = sourcecode.swift; path = LoginDisplayer.swift; sourceTree = "<group>"; };
		B65C45D01CE1E41200B2179D /* LoginService.swift */ = {isa = PBXFileReference; fileEncoding = 4; lastKnownFileType = sourcecode.swift; path = LoginService.swift; sourceTree = "<group>"; };
		B65C45D21CE1E4B200B2179D /* User.swift */ = {isa = PBXFileReference; fileEncoding = 4; lastKnownFileType = sourcecode.swift; path = User.swift; sourceTree = "<group>"; };
		B65C45D61CE1EFE100B2179D /* Navigator.swift */ = {isa = PBXFileReference; fileEncoding = 4; lastKnownFileType = sourcecode.swift; path = Navigator.swift; sourceTree = "<group>"; };
		B65C45DA1CE1F06E00B2179D /* AppNavigator.swift */ = {isa = PBXFileReference; fileEncoding = 4; lastKnownFileType = sourcecode.swift; path = AppNavigator.swift; sourceTree = "<group>"; };
		B660785B1CE37FAC008E7DD4 /* ReusableView.swift */ = {isa = PBXFileReference; fileEncoding = 4; lastKnownFileType = sourcecode.swift; path = ReusableView.swift; sourceTree = "<group>"; };
		B660785D1CE38078008E7DD4 /* MessageCell.swift */ = {isa = PBXFileReference; fileEncoding = 4; lastKnownFileType = sourcecode.swift; path = MessageCell.swift; sourceTree = "<group>"; };
		B683CB511D1092F100941922 /* WelcomePresenter.swift */ = {isa = PBXFileReference; fileEncoding = 4; lastKnownFileType = sourcecode.swift; path = WelcomePresenter.swift; sourceTree = "<group>"; };
		B683CB531D1094BF00941922 /* WelcomeDisplayer.swift */ = {isa = PBXFileReference; fileEncoding = 4; lastKnownFileType = sourcecode.swift; path = WelcomeDisplayer.swift; sourceTree = "<group>"; };
		B6962C831CEF537A006A3A9E /* UsersService.swift */ = {isa = PBXFileReference; fileEncoding = 4; lastKnownFileType = sourcecode.swift; path = UsersService.swift; sourceTree = "<group>"; };
		B6962C851CEF5388006A3A9E /* UsersDisplayer.swift */ = {isa = PBXFileReference; fileEncoding = 4; lastKnownFileType = sourcecode.swift; path = UsersDisplayer.swift; sourceTree = "<group>"; };
		B6962C871CEF5392006A3A9E /* UsersPresenter.swift */ = {isa = PBXFileReference; fileEncoding = 4; lastKnownFileType = sourcecode.swift; path = UsersPresenter.swift; sourceTree = "<group>"; };
		B6962C8C1CEF568E006A3A9E /* UsersView.swift */ = {isa = PBXFileReference; fileEncoding = 4; lastKnownFileType = sourcecode.swift; path = UsersView.swift; sourceTree = "<group>"; };
		B6962C8E1CEF5697006A3A9E /* UsersViewController.swift */ = {isa = PBXFileReference; fileEncoding = 4; lastKnownFileType = sourcecode.swift; path = UsersViewController.swift; sourceTree = "<group>"; };
		B6962C901CEF5742006A3A9E /* Firebase+RxExtensions.swift */ = {isa = PBXFileReference; fileEncoding = 4; lastKnownFileType = sourcecode.swift; path = "Firebase+RxExtensions.swift"; sourceTree = "<group>"; };
		B6AC7C141CF4589500F96722 /* Analytics.swift */ = {isa = PBXFileReference; fileEncoding = 4; lastKnownFileType = sourcecode.swift; path = Analytics.swift; sourceTree = "<group>"; };
		B6AC7C161CF458E000F96722 /* FirebaseAnalytics.swift */ = {isa = PBXFileReference; fileEncoding = 4; lastKnownFileType = sourcecode.swift; path = FirebaseAnalytics.swift; sourceTree = "<group>"; };
		B6BF03C01D0B0E1D001FC160 /* MyMessageCell.swift */ = {isa = PBXFileReference; fileEncoding = 4; lastKnownFileType = sourcecode.swift; path = MyMessageCell.swift; sourceTree = "<group>"; };
		B6C054E01CF5AE9D00B1BB6C /* WelcomeView.swift */ = {isa = PBXFileReference; fileEncoding = 4; lastKnownFileType = sourcecode.swift; path = WelcomeView.swift; sourceTree = "<group>"; };
		B6C054E21CF5B10200B1BB6C /* Bonfire.entitlements */ = {isa = PBXFileReference; lastKnownFileType = text.xml; path = Bonfire.entitlements; sourceTree = "<group>"; };
		B6C054E31CF5BE5600B1BB6C /* WelcomeViewController.swift */ = {isa = PBXFileReference; fileEncoding = 4; lastKnownFileType = sourcecode.swift; path = WelcomeViewController.swift; sourceTree = "<group>"; };
		B6C054E81CF7014500B1BB6C /* FirebaseDynamicLinkFactory.swift */ = {isa = PBXFileReference; fileEncoding = 4; lastKnownFileType = sourcecode.swift; path = FirebaseDynamicLinkFactory.swift; sourceTree = "<group>"; };
		B6C054EB1CF708D600B1BB6C /* DynamicLinkFactotry.swift */ = {isa = PBXFileReference; fileEncoding = 4; lastKnownFileType = sourcecode.swift; path = DynamicLinkFactotry.swift; sourceTree = "<group>"; };
		B6C054ED1CF728BA00B1BB6C /* ChannelsDatabase.swift */ = {isa = PBXFileReference; fileEncoding = 4; lastKnownFileType = sourcecode.swift; path = ChannelsDatabase.swift; sourceTree = "<group>"; };
		B6C054EF1CF72A2900B1BB6C /* FirebaseChannelsDatabase.swift */ = {isa = PBXFileReference; fileEncoding = 4; lastKnownFileType = sourcecode.swift; path = FirebaseChannelsDatabase.swift; sourceTree = "<group>"; };
		B6C054F11CF73E6900B1BB6C /* UserDatabase.swift */ = {isa = PBXFileReference; fileEncoding = 4; lastKnownFileType = sourcecode.swift; path = UserDatabase.swift; sourceTree = "<group>"; };
		B6C054F31CF73EE800B1BB6C /* FirebaseUserDatabase.swift */ = {isa = PBXFileReference; fileEncoding = 4; lastKnownFileType = sourcecode.swift; path = FirebaseUserDatabase.swift; sourceTree = "<group>"; };
		B6C054F51CF749DF00B1BB6C /* PersistedChannelsService.swift */ = {isa = PBXFileReference; fileEncoding = 4; lastKnownFileType = sourcecode.swift; path = PersistedChannelsService.swift; sourceTree = "<group>"; };
		B6CC1CE81CEC74CC00BA8500 /* Channel+FirebaseConvertible.swift */ = {isa = PBXFileReference; fileEncoding = 4; lastKnownFileType = sourcecode.swift; path = "Channel+FirebaseConvertible.swift"; sourceTree = "<group>"; };
		B6CC1CEA1CEC992F00BA8500 /* Observable+Extensions.swift */ = {isa = PBXFileReference; fileEncoding = 4; lastKnownFileType = sourcecode.swift; path = "Observable+Extensions.swift"; sourceTree = "<group>"; };
		B6CC1CED1CECA83600BA8500 /* CreateChannelPresenter.swift */ = {isa = PBXFileReference; fileEncoding = 4; lastKnownFileType = sourcecode.swift; path = CreateChannelPresenter.swift; sourceTree = "<group>"; };
		B6CC1CEF1CECA96B00BA8500 /* CreateChannelDisplayer.swift */ = {isa = PBXFileReference; fileEncoding = 4; lastKnownFileType = sourcecode.swift; path = CreateChannelDisplayer.swift; sourceTree = "<group>"; };
		B6CC1CF21CECB05900BA8500 /* CreateChannelView.swift */ = {isa = PBXFileReference; fileEncoding = 4; lastKnownFileType = sourcecode.swift; path = CreateChannelView.swift; sourceTree = "<group>"; };
		B6CC1CF41CECB3E500BA8500 /* CreateChannelViewController.swift */ = {isa = PBXFileReference; fileEncoding = 4; lastKnownFileType = sourcecode.swift; path = CreateChannelViewController.swift; sourceTree = "<group>"; };
		B6ECCEAD1CE3477000580434 /* User+FirebaseConvertible.swift */ = {isa = PBXFileReference; fileEncoding = 4; lastKnownFileType = sourcecode.swift; path = "User+FirebaseConvertible.swift"; sourceTree = "<group>"; };
		BCAE2630135F277739583219 /* Pods-Bonfire-BonfireTests.debug.xcconfig */ = {isa = PBXFileReference; includeInIndex = 1; lastKnownFileType = text.xcconfig; name = "Pods-Bonfire-BonfireTests.debug.xcconfig"; path = "Pods/Target Support Files/Pods-Bonfire-BonfireTests/Pods-Bonfire-BonfireTests.debug.xcconfig"; sourceTree = "<group>"; };
		D0C3118D694918412533A84F /* Channel.swift */ = {isa = PBXFileReference; fileEncoding = 4; lastKnownFileType = sourcecode.swift; path = Channel.swift; sourceTree = "<group>"; };
		D0C3119EA7B34321EC65CBAF /* ChannelsViewController.swift */ = {isa = PBXFileReference; fileEncoding = 4; lastKnownFileType = sourcecode.swift; path = ChannelsViewController.swift; sourceTree = "<group>"; };
		D0C31217E78F04ADE3808836 /* ChannelsPresenter.swift */ = {isa = PBXFileReference; fileEncoding = 4; lastKnownFileType = sourcecode.swift; path = ChannelsPresenter.swift; sourceTree = "<group>"; };
		D0C3139DAF23783F159C1640 /* ChannelsTableViewManager.swift */ = {isa = PBXFileReference; fileEncoding = 4; lastKnownFileType = sourcecode.swift; path = ChannelsTableViewManager.swift; sourceTree = "<group>"; };
		D0C31525ED6865A9B8F030CA /* ChannelCell.swift */ = {isa = PBXFileReference; fileEncoding = 4; lastKnownFileType = sourcecode.swift; path = ChannelCell.swift; sourceTree = "<group>"; };
		D0C3169A5FF39E209C5BA3EE /* ChannelsView.swift */ = {isa = PBXFileReference; fileEncoding = 4; lastKnownFileType = sourcecode.swift; path = ChannelsView.swift; sourceTree = "<group>"; };
		D0C31879D1AD9CF1461F5956 /* ChannelsDisplayer.swift */ = {isa = PBXFileReference; fileEncoding = 4; lastKnownFileType = sourcecode.swift; path = ChannelsDisplayer.swift; sourceTree = "<group>"; };
		D0C318BAA30984F559ACD8D2 /* ChannelsService.swift */ = {isa = PBXFileReference; fileEncoding = 4; lastKnownFileType = sourcecode.swift; path = ChannelsService.swift; sourceTree = "<group>"; };
		D0C318C841B6FF1360F3261D /* DatabaseResult.swift */ = {isa = PBXFileReference; fileEncoding = 4; lastKnownFileType = sourcecode.swift; path = DatabaseResult.swift; sourceTree = "<group>"; };
		D9103034951D88BBA60738F1 /* Pods-BonfireTests.release.xcconfig */ = {isa = PBXFileReference; includeInIndex = 1; lastKnownFileType = text.xcconfig; name = "Pods-BonfireTests.release.xcconfig"; path = "Pods/Target Support Files/Pods-BonfireTests/Pods-BonfireTests.release.xcconfig"; sourceTree = "<group>"; };
/* End PBXFileReference section */

/* Begin PBXFrameworksBuildPhase section */
		1AB3DE161D0704F400F8EAF5 /* Frameworks */ = {
			isa = PBXFrameworksBuildPhase;
			buildActionMask = 2147483647;
			files = (
			);
			runOnlyForDeploymentPostprocessing = 0;
		};
		B63B37791CFD975A00142DC3 /* Frameworks */ = {
			isa = PBXFrameworksBuildPhase;
			buildActionMask = 2147483647;
			files = (
				2A9669953EF6713AF4064B53 /* Pods_Bonfire_BonfireTests.framework in Frameworks */,
			);
			runOnlyForDeploymentPostprocessing = 0;
		};
		B654B2601CE0C38000EEDE0A /* Frameworks */ = {
			isa = PBXFrameworksBuildPhase;
			buildActionMask = 2147483647;
			files = (
				2C77DC9A3D905A6AE8E74FFB /* Pods_Bonfire.framework in Frameworks */,
			);
			runOnlyForDeploymentPostprocessing = 0;
		};
/* End PBXFrameworksBuildPhase section */

/* Begin PBXGroup section */
		1A0A41A01D01844C0053A547 /* User */ = {
			isa = PBXGroup;
			children = (
				1A0A41A11D0184640053A547 /* PersistedUserServiceTests.swift */,
			);
			path = User;
			sourceTree = "<group>";
		};
		1AB3DE1A1D0704F400F8EAF5 /* BonfireUITests */ = {
			isa = PBXGroup;
			children = (
				1AB3DE231D07056700F8EAF5 /* SnapshotHelper.swift */,
				1AB3DE251D07057F00F8EAF5 /* SnapshotProcess.swift */,
				1AB3DE1D1D0704F500F8EAF5 /* Info.plist */,
			);
			path = BonfireUITests;
			sourceTree = "<group>";
		};
		3BACB0D2D89FA686D090BFE1 /* Frameworks */ = {
			isa = PBXGroup;
			children = (
				13F2FDE620ACDD8945A96B8C /* Pods_Bonfire.framework */,
				4AE09269AA64387314EE925E /* Pods_Bonfire_BonfireTests.framework */,
			);
			name = Frameworks;
			sourceTree = "<group>";
		};
		B61BD4CB1CFEE91800DD7A70 /* Channel */ = {
			isa = PBXGroup;
			children = (
				B61BD4CC1CFEE93000DD7A70 /* PersistedChannelServiceTests.swift */,
			);
			name = Channel;
			sourceTree = "<group>";
		};
		B63B37631CFD948700142DC3 /* Chat */ = {
			isa = PBXGroup;
			children = (
				B63B37641CFD94BC00142DC3 /* PersistedChatServiceTests.swift */,
			);
			path = Chat;
			sourceTree = "<group>";
		};
		B63B377D1CFD975A00142DC3 /* BonfireTests */ = {
			isa = PBXGroup;
			children = (
				1A0A41A01D01844C0053A547 /* User */,
				B61BD4CB1CFEE91800DD7A70 /* Channel */,
				B63B37631CFD948700142DC3 /* Chat */,
				B63B37801CFD975A00142DC3 /* Info.plist */,
				B621BEE41CFF379F00B92F09 /* TestScheduler+Extensions.swift */,
				1A0A41A31D018D810053A547 /* Rememberancer.swift */,
			);
			path = BonfireTests;
			sourceTree = "<group>";
		};
		B654B25A1CE0C38000EEDE0A = {
			isa = PBXGroup;
			children = (
				B654B2651CE0C38000EEDE0A /* Bonfire */,
				B63B377D1CFD975A00142DC3 /* BonfireTests */,
				1AB3DE1A1D0704F400F8EAF5 /* BonfireUITests */,
				3BACB0D2D89FA686D090BFE1 /* Frameworks */,
				C843196999D7E46141CC91DC /* Pods */,
				B654B2641CE0C38000EEDE0A /* Products */,
			);
			sourceTree = "<group>";
		};
		B654B2641CE0C38000EEDE0A /* Products */ = {
			isa = PBXGroup;
			children = (
				B654B2631CE0C38000EEDE0A /* Bonfire.app */,
				B63B377C1CFD975A00142DC3 /* BonfireTests.xctest */,
				1AB3DE191D0704F400F8EAF5 /* BonfireUITests.xctest */,
			);
			name = Products;
			sourceTree = "<group>";
		};
		B654B2651CE0C38000EEDE0A /* Bonfire */ = {
			isa = PBXGroup;
			children = (
				B65C45B51CE0E1B800B2179D /* Core */,
				B65C45B61CE0E1D000B2179D /* Mobile */,
				B6C054E21CF5B10200B1BB6C /* Bonfire.entitlements */,
				B654B2721CE0C38000EEDE0A /* Info.plist */,
				1ABEAC671D08730B00A85CE2 /* GoogleService-Info.plist */,
				B654B26F1CE0C38000EEDE0A /* LaunchScreen.storyboard */,
			);
			path = Bonfire;
			sourceTree = "<group>";
		};
		B654B2871CE0C86200EEDE0A /* Utilities */ = {
			isa = PBXGroup;
			children = (
				B6962C901CEF5742006A3A9E /* Firebase+RxExtensions.swift */,
				B65C45B11CE0E03F00B2179D /* FirebaseConvertible.swift */,
				B6CC1CEA1CEC992F00BA8500 /* Observable+Extensions.swift */,
				B660785B1CE37FAC008E7DD4 /* ReusableView.swift */,
				B654B2881CE0C86200EEDE0A /* UIView+AutolayoutExtensions.swift */,
				1A2439271D0ACC390021B547 /* UIView+BorderExtensions.swift */,
				B6210AC71CE2318B00570509 /* UIViewController+AlertExtensions.swift */,
			);
			path = Utilities;
			sourceTree = "<group>";
		};
		B654B28A1CE0CE8300EEDE0A /* Chat */ = {
			isa = PBXGroup;
			children = (
				B65C45B31CE0E0F900B2179D /* Chat.swift */,
				B63B37871CFD98A300142DC3 /* ChatDatabase.swift */,
				B65C45C01CE0ED8200B2179D /* ChatDisplayer.swift */,
				B65C45BA1CE0E46B00B2179D /* ChatPresenter.swift */,
				B65C45BC1CE0E48800B2179D /* ChatService.swift */,
				B654B28B1CE0CE8300EEDE0A /* Message.swift */,
				B63B37671CFD95CE00142DC3 /* PersistedChatService.swift */,
			);
			path = Chat;
			sourceTree = "<group>";
		};
		B65C45B51CE0E1B800B2179D /* Core */ = {
			isa = PBXGroup;
			children = (
				D0C31C76FECC7AA384D36365 /* Channel */,
				B654B28A1CE0CE8300EEDE0A /* Chat */,
				B6C054EA1CF708C600B1BB6C /* DynamicLink */,
				B65C45CB1CE1E3D900B2179D /* Login */,
				B65C45D81CE1F00000B2179D /* Navigation */,
				B6962C821CEF5358006A3A9E /* Users */,
				B683CB501D1092CA00941922 /* Welcome */,
				B6AC7C141CF4589500F96722 /* Analytics.swift */,
				B636BA231CF34D9F009009F2 /* Config.swift */,
				D0C318C841B6FF1360F3261D /* DatabaseResult.swift */,
			);
			path = Core;
			sourceTree = "<group>";
		};
		B65C45B61CE0E1D000B2179D /* Mobile */ = {
			isa = PBXGroup;
			children = (
				D0C3157242B43FBD5D799CA5 /* Channel */,
				B65C45B71CE0E1E000B2179D /* Chat */,
				B6C054E71CF7010300B1BB6C /* DynamicLink */,
				B65C45C61CE1E13B00B2179D /* Login */,
				B65C45D91CE1F05400B2179D /* Navigation */,
				B6962C891CEF5676006A3A9E /* Users */,
				B654B2871CE0C86200EEDE0A /* Utilities */,
				B6C054DF1CF5AE9000B1BB6C /* Welcome */,
				B654B2661CE0C38000EEDE0A /* AppDelegate.swift */,
				B6AC7C161CF458E000F96722 /* FirebaseAnalytics.swift */,
				B636BA251CF34DDA009009F2 /* FirebaseRemoteConfig.swift */,
				B61BD4C91CFEE65100DD7A70 /* SharedServices.swift */,
				1AECA3381D09B41700E4D856 /* BonfireColors.swift */,
				1AECA3361D0974EC00E4D856 /* Assets.xcassets */,
				1ABEAC651D08573D00A85CE2 /* FirebaseIdentifiers.swift */,
			);
			path = Mobile;
			sourceTree = "<group>";
		};
		B65C45B71CE0E1E000B2179D /* Chat */ = {
			isa = PBXGroup;
			children = (
				B65C45C41CE1DF0400B2179D /* ChatTableViewManager.swift */,
				B65C45B81CE0E1EF00B2179D /* ChatView.swift */,
				B654B2681CE0C38000EEDE0A /* ChatViewController.swift */,
				B63B37891CFDCF6400142DC3 /* FirebaseChatDatabase.swift */,
				B65C45C21CE0EF5800B2179D /* Message+FirebaseConvertible.swift */,
				B660785D1CE38078008E7DD4 /* MessageCell.swift */,
				B6BF03C01D0B0E1D001FC160 /* MyMessageCell.swift */,
			);
			path = Chat;
			sourceTree = "<group>";
		};
		B65C45C61CE1E13B00B2179D /* Login */ = {
			isa = PBXGroup;
			children = (
				B6210AC51CE21FA500570509 /* FirebaseLoginService.swift */,
				B65C45C71CE1E14400B2179D /* LoginView.swift */,
				B65C45C91CE1E31A00B2179D /* LoginViewController.swift */,
				B6ECCEAD1CE3477000580434 /* User+FirebaseConvertible.swift */,
				1A9567CE1D12D7100052030B /* LogoView.swift */,
				1A9FB90F1D1063B1009F032B /* BubblesBackgroundView.swift */,
			);
			path = Login;
			sourceTree = "<group>";
		};
		B65C45CB1CE1E3D900B2179D /* Login */ = {
			isa = PBXGroup;
			children = (
				B6210ACB1CE24AC600570509 /* Authentication.swift */,
				B65C45CE1CE1E40B00B2179D /* LoginDisplayer.swift */,
				B65C45CC1CE1E3F700B2179D /* LoginPresenter.swift */,
				B65C45D01CE1E41200B2179D /* LoginService.swift */,
				B65C45D21CE1E4B200B2179D /* User.swift */,
			);
			path = Login;
			sourceTree = "<group>";
		};
		B65C45D81CE1F00000B2179D /* Navigation */ = {
			isa = PBXGroup;
			children = (
				B65C45D61CE1EFE100B2179D /* Navigator.swift */,
			);
			path = Navigation;
			sourceTree = "<group>";
		};
		B65C45D91CE1F05400B2179D /* Navigation */ = {
			isa = PBXGroup;
			children = (
				B65C45DA1CE1F06E00B2179D /* AppNavigator.swift */,
			);
			path = Navigation;
			sourceTree = "<group>";
		};
		B683CB501D1092CA00941922 /* Welcome */ = {
			isa = PBXGroup;
			children = (
				B683CB531D1094BF00941922 /* WelcomeDisplayer.swift */,
				B683CB511D1092F100941922 /* WelcomePresenter.swift */,
			);
			path = Welcome;
			sourceTree = "<group>";
		};
		B6962C821CEF5358006A3A9E /* Users */ = {
			isa = PBXGroup;
			children = (
				B62BE1C81CF89CF800326B98 /* PersistedUserService.swift */,
				B6C054F11CF73E6900B1BB6C /* UserDatabase.swift */,
				B6962C851CEF5388006A3A9E /* UsersDisplayer.swift */,
				B6962C871CEF5392006A3A9E /* UsersPresenter.swift */,
				B6962C831CEF537A006A3A9E /* UsersService.swift */,
				B621BEE01CFF1CE100B92F09 /* Users.swift */,
			);
			path = Users;
			sourceTree = "<group>";
		};
		B6962C891CEF5676006A3A9E /* Users */ = {
			isa = PBXGroup;
			children = (
				B6C054F31CF73EE800B1BB6C /* FirebaseUserDatabase.swift */,
				1AF7D1A11CEF659A00B74483 /* UserCell.swift */,
				1AF7D19F1CEF651600B74483 /* UsersTableViewManager.swift */,
				B6962C8C1CEF568E006A3A9E /* UsersView.swift */,
				B6962C8E1CEF5697006A3A9E /* UsersViewController.swift */,
			);
			path = Users;
			sourceTree = "<group>";
		};
		B6C054DF1CF5AE9000B1BB6C /* Welcome */ = {
			isa = PBXGroup;
			children = (
				B6C054E01CF5AE9D00B1BB6C /* WelcomeView.swift */,
				1AAC91DC1D127E9400A00238 /* SenderInfoView.swift */,
				B6C054E31CF5BE5600B1BB6C /* WelcomeViewController.swift */,
			);
			path = Welcome;
			sourceTree = "<group>";
		};
		B6C054E71CF7010300B1BB6C /* DynamicLink */ = {
			isa = PBXGroup;
			children = (
				B6C054E81CF7014500B1BB6C /* FirebaseDynamicLinkFactory.swift */,
			);
			path = DynamicLink;
			sourceTree = "<group>";
		};
		B6C054EA1CF708C600B1BB6C /* DynamicLink */ = {
			isa = PBXGroup;
			children = (
				B6C054EB1CF708D600B1BB6C /* DynamicLinkFactotry.swift */,
			);
			path = DynamicLink;
			sourceTree = "<group>";
		};
		B6CC1CEC1CECA81C00BA8500 /* ChannelCreation */ = {
			isa = PBXGroup;
			children = (
				B6CC1CEF1CECA96B00BA8500 /* CreateChannelDisplayer.swift */,
				B6CC1CED1CECA83600BA8500 /* CreateChannelPresenter.swift */,
			);
			path = ChannelCreation;
			sourceTree = "<group>";
		};
		B6CC1CF11CECB02E00BA8500 /* ChannelCreation */ = {
			isa = PBXGroup;
			children = (
				B6CC1CF21CECB05900BA8500 /* CreateChannelView.swift */,
				B6CC1CF41CECB3E500BA8500 /* CreateChannelViewController.swift */,
			);
			path = ChannelCreation;
			sourceTree = "<group>";
		};
		C843196999D7E46141CC91DC /* Pods */ = {
			isa = PBXGroup;
			children = (
				8297D97C9651CE491D681CBF /* Pods-Bonfire.debug.xcconfig */,
				61C2133CEB958634033B29B5 /* Pods-Bonfire.release.xcconfig */,
				70F10478B44ECEDE0486D095 /* Pods-BonfireTests.debug.xcconfig */,
				D9103034951D88BBA60738F1 /* Pods-BonfireTests.release.xcconfig */,
				BCAE2630135F277739583219 /* Pods-Bonfire-BonfireTests.debug.xcconfig */,
				0858A88D8E7AB853E0338EF2 /* Pods-Bonfire-BonfireTests.release.xcconfig */,
			);
			name = Pods;
			sourceTree = "<group>";
		};
		D0C3157242B43FBD5D799CA5 /* Channel */ = {
			isa = PBXGroup;
			children = (
				B6CC1CF11CECB02E00BA8500 /* ChannelCreation */,
				B6CC1CE81CEC74CC00BA8500 /* Channel+FirebaseConvertible.swift */,
				D0C31525ED6865A9B8F030CA /* ChannelCell.swift */,
				D0C3139DAF23783F159C1640 /* ChannelsTableViewManager.swift */,
				D0C3169A5FF39E209C5BA3EE /* ChannelsView.swift */,
				D0C3119EA7B34321EC65CBAF /* ChannelsViewController.swift */,
				B6C054EF1CF72A2900B1BB6C /* FirebaseChannelsDatabase.swift */,
			);
			path = Channel;
			sourceTree = "<group>";
		};
		D0C31C76FECC7AA384D36365 /* Channel */ = {
			isa = PBXGroup;
			children = (
				B6CC1CEC1CECA81C00BA8500 /* ChannelCreation */,
				D0C3118D694918412533A84F /* Channel.swift */,
				B6C054ED1CF728BA00B1BB6C /* ChannelsDatabase.swift */,
				D0C31879D1AD9CF1461F5956 /* ChannelsDisplayer.swift */,
				D0C31217E78F04ADE3808836 /* ChannelsPresenter.swift */,
				D0C318BAA30984F559ACD8D2 /* ChannelsService.swift */,
				B6C054F51CF749DF00B1BB6C /* PersistedChannelsService.swift */,
				B621BEE21CFF2C8B00B92F09 /* Channels.swift */,
			);
			path = Channel;
			sourceTree = "<group>";
		};
/* End PBXGroup section */

/* Begin PBXNativeTarget section */
		1AB3DE181D0704F400F8EAF5 /* BonfireUITests */ = {
			isa = PBXNativeTarget;
			buildConfigurationList = 1AB3DE221D0704F500F8EAF5 /* Build configuration list for PBXNativeTarget "BonfireUITests" */;
			buildPhases = (
				1AB3DE151D0704F400F8EAF5 /* Sources */,
				1AB3DE161D0704F400F8EAF5 /* Frameworks */,
				1AB3DE171D0704F400F8EAF5 /* Resources */,
			);
			buildRules = (
			);
			dependencies = (
				1AB3DE1F1D0704F500F8EAF5 /* PBXTargetDependency */,
			);
			name = BonfireUITests;
			productName = BonfireUITests;
			productReference = 1AB3DE191D0704F400F8EAF5 /* BonfireUITests.xctest */;
			productType = "com.apple.product-type.bundle.ui-testing";
		};
		B63B377B1CFD975A00142DC3 /* BonfireTests */ = {
			isa = PBXNativeTarget;
			buildConfigurationList = B63B37831CFD975A00142DC3 /* Build configuration list for PBXNativeTarget "BonfireTests" */;
			buildPhases = (
				560F650F37188E0CB0241991 /* [CP] Check Pods Manifest.lock */,
				CD3332CD9DD451B8DAB18B40 /* [CP] Check Pods Manifest.lock */,
				B63B37781CFD975A00142DC3 /* Sources */,
				B63B37791CFD975A00142DC3 /* Frameworks */,
				B63B377A1CFD975A00142DC3 /* Resources */,
				3BD164270703B37BA1CBB8BF /* [CP] Embed Pods Frameworks */,
				DBF248069E025D350E134FCF /* [CP] Copy Pods Resources */,
				2D00BEBD74CA791CC5AF2E46 /* 📦 Embed Pods Frameworks */,
				3D8A7E4E796D2A0AF189B3B6 /* 📦 Copy Pods Resources */,
			);
			buildRules = (
			);
			dependencies = (
				B63B37821CFD975A00142DC3 /* PBXTargetDependency */,
			);
			name = BonfireTests;
			productName = BonfireTests;
			productReference = B63B377C1CFD975A00142DC3 /* BonfireTests.xctest */;
			productType = "com.apple.product-type.bundle.unit-test";
		};
		B654B2621CE0C38000EEDE0A /* Bonfire */ = {
			isa = PBXNativeTarget;
			buildConfigurationList = B654B2801CE0C38000EEDE0A /* Build configuration list for PBXNativeTarget "Bonfire" */;
			buildPhases = (
				CB1A6F4AFBC0D9146FAB8E33 /* [CP] Check Pods Manifest.lock */,
				0D338B1A730B7D59B08CC1E1 /* [CP] Check Pods Manifest.lock */,
				B654B25F1CE0C38000EEDE0A /* Sources */,
				B654B2601CE0C38000EEDE0A /* Frameworks */,
				B654B2611CE0C38000EEDE0A /* Resources */,
				2B107E072EC8FF16E08F96F0 /* [CP] Embed Pods Frameworks */,
				95A84718793C98A132AECDD9 /* [CP] Copy Pods Resources */,
				B65A74021D071062000A052B /* Run SwiftLint */,
				1F74391910F2A043D19B990F /* 📦 Embed Pods Frameworks */,
				E2818FBEDF2A5D44AC873D8A /* 📦 Copy Pods Resources */,
			);
			buildRules = (
			);
			dependencies = (
			);
			name = Bonfire;
			productName = FireChat;
			productReference = B654B2631CE0C38000EEDE0A /* Bonfire.app */;
			productType = "com.apple.product-type.application";
		};
/* End PBXNativeTarget section */

/* Begin PBXProject section */
		B654B25B1CE0C38000EEDE0A /* Project object */ = {
			isa = PBXProject;
			attributes = {
				LastSwiftUpdateCheck = 0730;
				LastUpgradeCheck = 0730;
				ORGANIZATIONNAME = Novoda;
				TargetAttributes = {
					1AB3DE181D0704F400F8EAF5 = {
						CreatedOnToolsVersion = 7.3.1;
						TestTargetID = B654B2621CE0C38000EEDE0A;
					};
					B63B377B1CFD975A00142DC3 = {
						CreatedOnToolsVersion = 7.3.1;
						TestTargetID = B654B2621CE0C38000EEDE0A;
					};
					B654B2621CE0C38000EEDE0A = {
						CreatedOnToolsVersion = 7.3;
						SystemCapabilities = {
							com.apple.SafariKeychain = {
								enabled = 1;
							};
						};
					};
				};
			};
			buildConfigurationList = B654B25E1CE0C38000EEDE0A /* Build configuration list for PBXProject "Bonfire" */;
			compatibilityVersion = "Xcode 3.2";
			developmentRegion = English;
			hasScannedForEncodings = 0;
			knownRegions = (
				en,
				Base,
			);
			mainGroup = B654B25A1CE0C38000EEDE0A;
			productRefGroup = B654B2641CE0C38000EEDE0A /* Products */;
			projectDirPath = "";
			projectRoot = "";
			targets = (
				B654B2621CE0C38000EEDE0A /* Bonfire */,
				B63B377B1CFD975A00142DC3 /* BonfireTests */,
				1AB3DE181D0704F400F8EAF5 /* BonfireUITests */,
			);
		};
/* End PBXProject section */

/* Begin PBXResourcesBuildPhase section */
		1AB3DE171D0704F400F8EAF5 /* Resources */ = {
			isa = PBXResourcesBuildPhase;
			buildActionMask = 2147483647;
			files = (
			);
			runOnlyForDeploymentPostprocessing = 0;
		};
		B63B377A1CFD975A00142DC3 /* Resources */ = {
			isa = PBXResourcesBuildPhase;
			buildActionMask = 2147483647;
			files = (
			);
			runOnlyForDeploymentPostprocessing = 0;
		};
		B654B2611CE0C38000EEDE0A /* Resources */ = {
			isa = PBXResourcesBuildPhase;
			buildActionMask = 2147483647;
			files = (
				B654B2711CE0C38000EEDE0A /* LaunchScreen.storyboard in Resources */,
				1AECA3371D0974EC00E4D856 /* Assets.xcassets in Resources */,
				1ABEAC681D08730B00A85CE2 /* GoogleService-Info.plist in Resources */,
			);
			runOnlyForDeploymentPostprocessing = 0;
		};
/* End PBXResourcesBuildPhase section */

/* Begin PBXShellScriptBuildPhase section */
		0D338B1A730B7D59B08CC1E1 /* [CP] Check Pods Manifest.lock */ = {
			isa = PBXShellScriptBuildPhase;
			buildActionMask = 2147483647;
			files = (
			);
			inputPaths = (
			);
			name = "[CP] Check Pods Manifest.lock";
			outputPaths = (
			);
			runOnlyForDeploymentPostprocessing = 0;
			shellPath = /bin/sh;
			shellScript = "diff \"${PODS_ROOT}/../Podfile.lock\" \"${PODS_ROOT}/Manifest.lock\" > /dev/null\nif [[ $? != 0 ]] ; then\n    cat << EOM\nerror: The sandbox is not in sync with the Podfile.lock. Run 'pod install' or update your CocoaPods installation.\nEOM\n    exit 1\nfi\n";
			showEnvVarsInLog = 0;
		};
		1F74391910F2A043D19B990F /* 📦 Embed Pods Frameworks */ = {
			isa = PBXShellScriptBuildPhase;
			buildActionMask = 2147483647;
			files = (
			);
			inputPaths = (
			);
			name = "📦 Embed Pods Frameworks";
			outputPaths = (
			);
			runOnlyForDeploymentPostprocessing = 0;
			shellPath = /bin/sh;
			shellScript = "\"${SRCROOT}/Pods/Target Support Files/Pods-Bonfire/Pods-Bonfire-frameworks.sh\"\n";
			showEnvVarsInLog = 0;
		};
		2B107E072EC8FF16E08F96F0 /* [CP] Embed Pods Frameworks */ = {
			isa = PBXShellScriptBuildPhase;
			buildActionMask = 2147483647;
			files = (
			);
			inputPaths = (
			);
			name = "[CP] Embed Pods Frameworks";
			outputPaths = (
			);
			runOnlyForDeploymentPostprocessing = 0;
			shellPath = /bin/sh;
			shellScript = "\"${SRCROOT}/Pods/Target Support Files/Pods-Bonfire/Pods-Bonfire-frameworks.sh\"\n";
			showEnvVarsInLog = 0;
		};
		2D00BEBD74CA791CC5AF2E46 /* 📦 Embed Pods Frameworks */ = {
			isa = PBXShellScriptBuildPhase;
			buildActionMask = 2147483647;
			files = (
			);
			inputPaths = (
			);
			name = "📦 Embed Pods Frameworks";
			outputPaths = (
			);
			runOnlyForDeploymentPostprocessing = 0;
			shellPath = /bin/sh;
			shellScript = "\"${SRCROOT}/Pods/Target Support Files/Pods-Bonfire-BonfireTests/Pods-Bonfire-BonfireTests-frameworks.sh\"\n";
			showEnvVarsInLog = 0;
		};
		3BD164270703B37BA1CBB8BF /* [CP] Embed Pods Frameworks */ = {
			isa = PBXShellScriptBuildPhase;
			buildActionMask = 2147483647;
			files = (
			);
			inputPaths = (
			);
			name = "[CP] Embed Pods Frameworks";
			outputPaths = (
			);
			runOnlyForDeploymentPostprocessing = 0;
			shellPath = /bin/sh;
			shellScript = "\"${SRCROOT}/Pods/Target Support Files/Pods-Bonfire-BonfireTests/Pods-Bonfire-BonfireTests-frameworks.sh\"\n";
			showEnvVarsInLog = 0;
		};
		3D8A7E4E796D2A0AF189B3B6 /* 📦 Copy Pods Resources */ = {
			isa = PBXShellScriptBuildPhase;
			buildActionMask = 2147483647;
			files = (
			);
			inputPaths = (
			);
			name = "📦 Copy Pods Resources";
			outputPaths = (
			);
			runOnlyForDeploymentPostprocessing = 0;
			shellPath = /bin/sh;
			shellScript = "\"${SRCROOT}/Pods/Target Support Files/Pods-Bonfire-BonfireTests/Pods-Bonfire-BonfireTests-resources.sh\"\n";
			showEnvVarsInLog = 0;
		};
		560F650F37188E0CB0241991 /* [CP] Check Pods Manifest.lock */ = {
			isa = PBXShellScriptBuildPhase;
			buildActionMask = 2147483647;
			files = (
			);
			inputPaths = (
			);
			name = "[CP] Check Pods Manifest.lock";
			outputPaths = (
			);
			runOnlyForDeploymentPostprocessing = 0;
			shellPath = /bin/sh;
			shellScript = "diff \"${PODS_ROOT}/../Podfile.lock\" \"${PODS_ROOT}/Manifest.lock\" > /dev/null\nif [[ $? != 0 ]] ; then\n    cat << EOM\nerror: The sandbox is not in sync with the Podfile.lock. Run 'pod install' or update your CocoaPods installation.\nEOM\n    exit 1\nfi\n";
			showEnvVarsInLog = 0;
		};
		95A84718793C98A132AECDD9 /* [CP] Copy Pods Resources */ = {
			isa = PBXShellScriptBuildPhase;
			buildActionMask = 2147483647;
			files = (
			);
			inputPaths = (
			);
			name = "[CP] Copy Pods Resources";
			outputPaths = (
			);
			runOnlyForDeploymentPostprocessing = 0;
			shellPath = /bin/sh;
			shellScript = "\"${SRCROOT}/Pods/Target Support Files/Pods-Bonfire/Pods-Bonfire-resources.sh\"\n";
			showEnvVarsInLog = 0;
		};
		B65A74021D071062000A052B /* Run SwiftLint */ = {
			isa = PBXShellScriptBuildPhase;
			buildActionMask = 2147483647;
			files = (
			);
			inputPaths = (
			);
			name = "Run SwiftLint";
			outputPaths = (
			);
			runOnlyForDeploymentPostprocessing = 0;
			shellPath = /bin/sh;
			shellScript = "if which swiftlint >/dev/null; then\ncd Bonfire\nswiftlint\ncd ..\nelse\necho \"warning: SwiftLint not installed, download from https://github.com/realm/SwiftLint\"\nfi";
		};
		CB1A6F4AFBC0D9146FAB8E33 /* [CP] Check Pods Manifest.lock */ = {
			isa = PBXShellScriptBuildPhase;
			buildActionMask = 2147483647;
			files = (
			);
			inputPaths = (
			);
			name = "[CP] Check Pods Manifest.lock";
			outputPaths = (
			);
			runOnlyForDeploymentPostprocessing = 0;
			shellPath = /bin/sh;
			shellScript = "diff \"${PODS_ROOT}/../Podfile.lock\" \"${PODS_ROOT}/Manifest.lock\" > /dev/null\nif [[ $? != 0 ]] ; then\n    cat << EOM\nerror: The sandbox is not in sync with the Podfile.lock. Run 'pod install' or update your CocoaPods installation.\nEOM\n    exit 1\nfi\n";
			showEnvVarsInLog = 0;
		};
		CD3332CD9DD451B8DAB18B40 /* [CP] Check Pods Manifest.lock */ = {
			isa = PBXShellScriptBuildPhase;
			buildActionMask = 2147483647;
			files = (
			);
			inputPaths = (
			);
			name = "[CP] Check Pods Manifest.lock";
			outputPaths = (
			);
			runOnlyForDeploymentPostprocessing = 0;
			shellPath = /bin/sh;
			shellScript = "diff \"${PODS_ROOT}/../Podfile.lock\" \"${PODS_ROOT}/Manifest.lock\" > /dev/null\nif [[ $? != 0 ]] ; then\n    cat << EOM\nerror: The sandbox is not in sync with the Podfile.lock. Run 'pod install' or update your CocoaPods installation.\nEOM\n    exit 1\nfi\n";
			showEnvVarsInLog = 0;
		};
		DBF248069E025D350E134FCF /* [CP] Copy Pods Resources */ = {
			isa = PBXShellScriptBuildPhase;
			buildActionMask = 2147483647;
			files = (
			);
			inputPaths = (
			);
			name = "[CP] Copy Pods Resources";
			outputPaths = (
			);
			runOnlyForDeploymentPostprocessing = 0;
			shellPath = /bin/sh;
			shellScript = "\"${SRCROOT}/Pods/Target Support Files/Pods-Bonfire-BonfireTests/Pods-Bonfire-BonfireTests-resources.sh\"\n";
			showEnvVarsInLog = 0;
		};
		E2818FBEDF2A5D44AC873D8A /* 📦 Copy Pods Resources */ = {
			isa = PBXShellScriptBuildPhase;
			buildActionMask = 2147483647;
			files = (
			);
			inputPaths = (
			);
			name = "📦 Copy Pods Resources";
			outputPaths = (
			);
			runOnlyForDeploymentPostprocessing = 0;
			shellPath = /bin/sh;
			shellScript = "\"${SRCROOT}/Pods/Target Support Files/Pods-Bonfire/Pods-Bonfire-resources.sh\"\n";
			showEnvVarsInLog = 0;
		};
/* End PBXShellScriptBuildPhase section */

/* Begin PBXSourcesBuildPhase section */
		1AB3DE151D0704F400F8EAF5 /* Sources */ = {
			isa = PBXSourcesBuildPhase;
			buildActionMask = 2147483647;
			files = (
				1AB3DE261D07057F00F8EAF5 /* SnapshotProcess.swift in Sources */,
				1AB3DE241D07056700F8EAF5 /* SnapshotHelper.swift in Sources */,
			);
			runOnlyForDeploymentPostprocessing = 0;
		};
		B63B37781CFD975A00142DC3 /* Sources */ = {
			isa = PBXSourcesBuildPhase;
			buildActionMask = 2147483647;
			files = (
				1A0A41A21D0184640053A547 /* PersistedUserServiceTests.swift in Sources */,
				B63B37861CFD978500142DC3 /* PersistedChatServiceTests.swift in Sources */,
				1A0A41A41D018D810053A547 /* Rememberancer.swift in Sources */,
				B621BEE51CFF379F00B92F09 /* TestScheduler+Extensions.swift in Sources */,
				B61BD4CD1CFEE93000DD7A70 /* PersistedChannelServiceTests.swift in Sources */,
			);
			runOnlyForDeploymentPostprocessing = 0;
		};
		B654B25F1CE0C38000EEDE0A /* Sources */ = {
			isa = PBXSourcesBuildPhase;
			buildActionMask = 2147483647;
			files = (
				B65C45CD1CE1E3F700B2179D /* LoginPresenter.swift in Sources */,
				B654B2891CE0C86200EEDE0A /* UIView+AutolayoutExtensions.swift in Sources */,
				B6CC1CF31CECB05900BA8500 /* CreateChannelView.swift in Sources */,
				B65C45C11CE0ED8200B2179D /* ChatDisplayer.swift in Sources */,
				1AECA3391D09B41700E4D856 /* BonfireColors.swift in Sources */,
				B6CC1CF51CECB3E500BA8500 /* CreateChannelViewController.swift in Sources */,
				B6C054F01CF72A2900B1BB6C /* FirebaseChannelsDatabase.swift in Sources */,
				B65C45B41CE0E0F900B2179D /* Chat.swift in Sources */,
				B63B378A1CFDCF6400142DC3 /* FirebaseChatDatabase.swift in Sources */,
				B6CC1CE91CEC74CC00BA8500 /* Channel+FirebaseConvertible.swift in Sources */,
				B683CB541D1094BF00941922 /* WelcomeDisplayer.swift in Sources */,
				B6BF03C11D0B0E1D001FC160 /* MyMessageCell.swift in Sources */,
				1AF7D1A01CEF651600B74483 /* UsersTableViewManager.swift in Sources */,
				B6C054F41CF73EE800B1BB6C /* FirebaseUserDatabase.swift in Sources */,
				B6CC1CF01CECA96B00BA8500 /* CreateChannelDisplayer.swift in Sources */,
				B65C45CA1CE1E31A00B2179D /* LoginViewController.swift in Sources */,
				B654B28C1CE0CE8300EEDE0A /* Message.swift in Sources */,
				B6AC7C171CF458E000F96722 /* FirebaseAnalytics.swift in Sources */,
				B6ECCEAE1CE3477000580434 /* User+FirebaseConvertible.swift in Sources */,
				B660785C1CE37FAC008E7DD4 /* ReusableView.swift in Sources */,
				B6C054F61CF749DF00B1BB6C /* PersistedChannelsService.swift in Sources */,
				B654B2691CE0C38000EEDE0A /* ChatViewController.swift in Sources */,
				B65C45B91CE0E1EF00B2179D /* ChatView.swift in Sources */,
				B65C45C31CE0EF5800B2179D /* Message+FirebaseConvertible.swift in Sources */,
				B6C054E41CF5BE5600B1BB6C /* WelcomeViewController.swift in Sources */,
				B621BEE11CFF1CE100B92F09 /* Users.swift in Sources */,
				B660785E1CE38078008E7DD4 /* MessageCell.swift in Sources */,
				B6962C841CEF537A006A3A9E /* UsersService.swift in Sources */,
				B65C45C51CE1DF0400B2179D /* ChatTableViewManager.swift in Sources */,
				B65C45C81CE1E14400B2179D /* LoginView.swift in Sources */,
				B6210AC61CE21FA500570509 /* FirebaseLoginService.swift in Sources */,
				B6962C881CEF5392006A3A9E /* UsersPresenter.swift in Sources */,
				B65C45DB1CE1F06E00B2179D /* AppNavigator.swift in Sources */,
				B6210AC81CE2318B00570509 /* UIViewController+AlertExtensions.swift in Sources */,
				B65C45BD1CE0E48800B2179D /* ChatService.swift in Sources */,
				B6C054E11CF5AE9D00B1BB6C /* WelcomeView.swift in Sources */,
				B65C45D71CE1EFE100B2179D /* Navigator.swift in Sources */,
				1A9567CF1D12D7100052030B /* LogoView.swift in Sources */,
				B65C45D11CE1E41200B2179D /* LoginService.swift in Sources */,
				B6C054E91CF7014500B1BB6C /* FirebaseDynamicLinkFactory.swift in Sources */,
				1A9FB9101D1063B1009F032B /* BubblesBackgroundView.swift in Sources */,
				B6C054EC1CF708D600B1BB6C /* DynamicLinkFactotry.swift in Sources */,
				B6962C911CEF5742006A3A9E /* Firebase+RxExtensions.swift in Sources */,
				B62BE1C91CF89CF800326B98 /* PersistedUserService.swift in Sources */,
				B636BA261CF34DDA009009F2 /* FirebaseRemoteConfig.swift in Sources */,
				B654B2671CE0C38000EEDE0A /* AppDelegate.swift in Sources */,
				B65C45BB1CE0E46B00B2179D /* ChatPresenter.swift in Sources */,
				B65C45CF1CE1E40B00B2179D /* LoginDisplayer.swift in Sources */,
				B6C054EE1CF728BA00B1BB6C /* ChannelsDatabase.swift in Sources */,
				B683CB521D1092F100941922 /* WelcomePresenter.swift in Sources */,
				B63B37881CFD98A300142DC3 /* ChatDatabase.swift in Sources */,
				B63B37681CFD95CE00142DC3 /* PersistedChatService.swift in Sources */,
				B65C45B21CE0E03F00B2179D /* FirebaseConvertible.swift in Sources */,
				B65C45D31CE1E4B200B2179D /* User.swift in Sources */,
				1AAC91DD1D127E9400A00238 /* SenderInfoView.swift in Sources */,
				B6210ACC1CE24AC600570509 /* Authentication.swift in Sources */,
				D0C317D2ED38A77789D6B864 /* Channel.swift in Sources */,
				D0C31583D21898285630F157 /* ChannelsService.swift in Sources */,
				1AF7D1A21CEF659A00B74483 /* UserCell.swift in Sources */,
				B6C054F21CF73E6900B1BB6C /* UserDatabase.swift in Sources */,
				D0C31FE2185A206D4B6AB6ED /* ChannelsPresenter.swift in Sources */,
				B6962C8F1CEF5697006A3A9E /* UsersViewController.swift in Sources */,
				B61BD4CA1CFEE65100DD7A70 /* SharedServices.swift in Sources */,
				D0C31D0085982E1BA7EB3638 /* ChannelsDisplayer.swift in Sources */,
				1ABEAC661D08573D00A85CE2 /* FirebaseIdentifiers.swift in Sources */,
				D0C319895F726FA2DAECFC21 /* ChannelsViewController.swift in Sources */,
				B6AC7C151CF4589500F96722 /* Analytics.swift in Sources */,
				B6CC1CEE1CECA83600BA8500 /* CreateChannelPresenter.swift in Sources */,
				D0C31F91CCF73EC549BE1264 /* ChannelCell.swift in Sources */,
				B636BA241CF34D9F009009F2 /* Config.swift in Sources */,
				B6CC1CEB1CEC992F00BA8500 /* Observable+Extensions.swift in Sources */,
				D0C31B830B0684A6D238C842 /* ChannelsView.swift in Sources */,
				1A2439281D0ACC390021B547 /* UIView+BorderExtensions.swift in Sources */,
				D0C317C9CD54BDC5F4607BCD /* ChannelsTableViewManager.swift in Sources */,
				B6962C861CEF5388006A3A9E /* UsersDisplayer.swift in Sources */,
				B6962C8D1CEF568E006A3A9E /* UsersView.swift in Sources */,
				D0C3182DE2D857AA460FCFA9 /* DatabaseResult.swift in Sources */,
				B621BEE31CFF2C8B00B92F09 /* Channels.swift in Sources */,
			);
			runOnlyForDeploymentPostprocessing = 0;
		};
/* End PBXSourcesBuildPhase section */

/* Begin PBXTargetDependency section */
		1AB3DE1F1D0704F500F8EAF5 /* PBXTargetDependency */ = {
			isa = PBXTargetDependency;
			target = B654B2621CE0C38000EEDE0A /* Bonfire */;
			targetProxy = 1AB3DE1E1D0704F500F8EAF5 /* PBXContainerItemProxy */;
		};
		B63B37821CFD975A00142DC3 /* PBXTargetDependency */ = {
			isa = PBXTargetDependency;
			target = B654B2621CE0C38000EEDE0A /* Bonfire */;
			targetProxy = B63B37811CFD975A00142DC3 /* PBXContainerItemProxy */;
		};
/* End PBXTargetDependency section */

/* Begin PBXVariantGroup section */
		B654B26F1CE0C38000EEDE0A /* LaunchScreen.storyboard */ = {
			isa = PBXVariantGroup;
			children = (
				B654B2701CE0C38000EEDE0A /* Base */,
			);
			name = LaunchScreen.storyboard;
			path = .;
			sourceTree = "<group>";
		};
/* End PBXVariantGroup section */

/* Begin XCBuildConfiguration section */
		1AB3DE201D0704F500F8EAF5 /* Debug */ = {
			isa = XCBuildConfiguration;
			buildSettings = {
				INFOPLIST_FILE = BonfireUITests/Info.plist;
				LD_RUNPATH_SEARCH_PATHS = "$(inherited) @executable_path/Frameworks @loader_path/Frameworks";
				PRODUCT_BUNDLE_IDENTIFIER = com.novoda.BonfireUITests;
				PRODUCT_NAME = "$(TARGET_NAME)";
				TEST_TARGET_NAME = Bonfire;
			};
			name = Debug;
		};
		1AB3DE211D0704F500F8EAF5 /* Release */ = {
			isa = XCBuildConfiguration;
			buildSettings = {
				INFOPLIST_FILE = BonfireUITests/Info.plist;
				LD_RUNPATH_SEARCH_PATHS = "$(inherited) @executable_path/Frameworks @loader_path/Frameworks";
				PRODUCT_BUNDLE_IDENTIFIER = com.novoda.BonfireUITests;
				PRODUCT_NAME = "$(TARGET_NAME)";
				TEST_TARGET_NAME = Bonfire;
			};
			name = Release;
		};
		B63B37841CFD975A00142DC3 /* Debug */ = {
			isa = XCBuildConfiguration;
			baseConfigurationReference = BCAE2630135F277739583219 /* Pods-Bonfire-BonfireTests.debug.xcconfig */;
			buildSettings = {
				BUNDLE_LOADER = "$(TEST_HOST)";
				INFOPLIST_FILE = BonfireTests/Info.plist;
				LD_RUNPATH_SEARCH_PATHS = "$(inherited) @executable_path/Frameworks @loader_path/Frameworks";
				PRODUCT_BUNDLE_IDENTIFIER = com.novoda.BonfireTests;
				PRODUCT_NAME = "$(TARGET_NAME)";
				SWIFT_OPTIMIZATION_LEVEL = "-Onone";
				TEST_HOST = "$(BUILT_PRODUCTS_DIR)/Bonfire.app/Bonfire";
			};
			name = Debug;
		};
		B63B37851CFD975A00142DC3 /* Release */ = {
			isa = XCBuildConfiguration;
			baseConfigurationReference = 0858A88D8E7AB853E0338EF2 /* Pods-Bonfire-BonfireTests.release.xcconfig */;
			buildSettings = {
				BUNDLE_LOADER = "$(TEST_HOST)";
				INFOPLIST_FILE = BonfireTests/Info.plist;
				LD_RUNPATH_SEARCH_PATHS = "$(inherited) @executable_path/Frameworks @loader_path/Frameworks";
				PRODUCT_BUNDLE_IDENTIFIER = com.novoda.BonfireTests;
				PRODUCT_NAME = "$(TARGET_NAME)";
				TEST_HOST = "$(BUILT_PRODUCTS_DIR)/Bonfire.app/Bonfire";
			};
			name = Release;
		};
		B654B27E1CE0C38000EEDE0A /* Debug */ = {
			isa = XCBuildConfiguration;
			buildSettings = {
				ALWAYS_SEARCH_USER_PATHS = NO;
				CLANG_ANALYZER_NONNULL = YES;
				CLANG_CXX_LANGUAGE_STANDARD = "gnu++0x";
				CLANG_CXX_LIBRARY = "libc++";
				CLANG_ENABLE_MODULES = YES;
				CLANG_ENABLE_OBJC_ARC = YES;
				CLANG_WARN_BOOL_CONVERSION = YES;
				CLANG_WARN_CONSTANT_CONVERSION = YES;
				CLANG_WARN_DIRECT_OBJC_ISA_USAGE = YES_ERROR;
				CLANG_WARN_EMPTY_BODY = YES;
				CLANG_WARN_ENUM_CONVERSION = YES;
				CLANG_WARN_INT_CONVERSION = YES;
				CLANG_WARN_OBJC_ROOT_CLASS = YES_ERROR;
				CLANG_WARN_UNREACHABLE_CODE = YES;
				CLANG_WARN__DUPLICATE_METHOD_MATCH = YES;
				"CODE_SIGN_IDENTITY[sdk=iphoneos*]" = "iPhone Developer";
				COPY_PHASE_STRIP = NO;
				DEBUG_INFORMATION_FORMAT = dwarf;
				ENABLE_BITCODE = NO;
				ENABLE_STRICT_OBJC_MSGSEND = YES;
				ENABLE_TESTABILITY = YES;
				GCC_C_LANGUAGE_STANDARD = gnu99;
				GCC_DYNAMIC_NO_PIC = NO;
				GCC_NO_COMMON_BLOCKS = YES;
				GCC_OPTIMIZATION_LEVEL = 0;
				GCC_PREPROCESSOR_DEFINITIONS = (
					"DEBUG=1",
					"$(inherited)",
				);
				GCC_WARN_64_TO_32_BIT_CONVERSION = YES;
				GCC_WARN_ABOUT_RETURN_TYPE = YES_ERROR;
				GCC_WARN_UNDECLARED_SELECTOR = YES;
				GCC_WARN_UNINITIALIZED_AUTOS = YES_AGGRESSIVE;
				GCC_WARN_UNUSED_FUNCTION = YES;
				GCC_WARN_UNUSED_VARIABLE = YES;
				IPHONEOS_DEPLOYMENT_TARGET = 9.3;
				MTL_ENABLE_DEBUG_INFO = YES;
				ONLY_ACTIVE_ARCH = YES;
				OTHER_SWIFT_FLAGS = "-Xfrontend -debug-time-function-bodies";
				SDKROOT = iphoneos;
				SWIFT_OPTIMIZATION_LEVEL = "-Onone";
				TARGETED_DEVICE_FAMILY = "1,2";
			};
			name = Debug;
		};
		B654B27F1CE0C38000EEDE0A /* Release */ = {
			isa = XCBuildConfiguration;
			buildSettings = {
				ALWAYS_SEARCH_USER_PATHS = NO;
				CLANG_ANALYZER_NONNULL = YES;
				CLANG_CXX_LANGUAGE_STANDARD = "gnu++0x";
				CLANG_CXX_LIBRARY = "libc++";
				CLANG_ENABLE_MODULES = YES;
				CLANG_ENABLE_OBJC_ARC = YES;
				CLANG_WARN_BOOL_CONVERSION = YES;
				CLANG_WARN_CONSTANT_CONVERSION = YES;
				CLANG_WARN_DIRECT_OBJC_ISA_USAGE = YES_ERROR;
				CLANG_WARN_EMPTY_BODY = YES;
				CLANG_WARN_ENUM_CONVERSION = YES;
				CLANG_WARN_INT_CONVERSION = YES;
				CLANG_WARN_OBJC_ROOT_CLASS = YES_ERROR;
				CLANG_WARN_UNREACHABLE_CODE = YES;
				CLANG_WARN__DUPLICATE_METHOD_MATCH = YES;
				"CODE_SIGN_IDENTITY[sdk=iphoneos*]" = "iPhone Developer";
				COPY_PHASE_STRIP = NO;
				DEBUG_INFORMATION_FORMAT = "dwarf-with-dsym";
				ENABLE_BITCODE = NO;
				ENABLE_NS_ASSERTIONS = NO;
				ENABLE_STRICT_OBJC_MSGSEND = YES;
				GCC_C_LANGUAGE_STANDARD = gnu99;
				GCC_NO_COMMON_BLOCKS = YES;
				GCC_WARN_64_TO_32_BIT_CONVERSION = YES;
				GCC_WARN_ABOUT_RETURN_TYPE = YES_ERROR;
				GCC_WARN_UNDECLARED_SELECTOR = YES;
				GCC_WARN_UNINITIALIZED_AUTOS = YES_AGGRESSIVE;
				GCC_WARN_UNUSED_FUNCTION = YES;
				GCC_WARN_UNUSED_VARIABLE = YES;
				IPHONEOS_DEPLOYMENT_TARGET = 9.3;
				MTL_ENABLE_DEBUG_INFO = NO;
				OTHER_SWIFT_FLAGS = "-Xfrontend -debug-time-function-bodies";
				SDKROOT = iphoneos;
				SWIFT_OPTIMIZATION_LEVEL = "-Owholemodule";
				TARGETED_DEVICE_FAMILY = "1,2";
				VALIDATE_PRODUCT = YES;
			};
			name = Release;
		};
		B654B2811CE0C38000EEDE0A /* Debug */ = {
			isa = XCBuildConfiguration;
			baseConfigurationReference = 8297D97C9651CE491D681CBF /* Pods-Bonfire.debug.xcconfig */;
			buildSettings = {
				ASSETCATALOG_COMPILER_APPICON_NAME = AppIcon;
				CODE_SIGN_ENTITLEMENTS = Bonfire/Bonfire.entitlements;
				CODE_SIGN_IDENTITY = "iPhone Developer";
				CURRENT_PROJECT_VERSION = 17;
				INFOPLIST_FILE = Bonfire/Info.plist;
				LD_RUNPATH_SEARCH_PATHS = "$(inherited) @executable_path/Frameworks";
				PRODUCT_BUNDLE_IDENTIFIER = com.novoda.bonfire;
				PRODUCT_NAME = Bonfire;
				VERSIONING_SYSTEM = "apple-generic";
			};
			name = Debug;
		};
		B654B2821CE0C38000EEDE0A /* Release */ = {
			isa = XCBuildConfiguration;
			baseConfigurationReference = 61C2133CEB958634033B29B5 /* Pods-Bonfire.release.xcconfig */;
			buildSettings = {
				ASSETCATALOG_COMPILER_APPICON_NAME = AppIcon;
				CODE_SIGN_ENTITLEMENTS = Bonfire/Bonfire.entitlements;
				CODE_SIGN_IDENTITY = "iPhone Developer";
				CURRENT_PROJECT_VERSION = 17;
				INFOPLIST_FILE = Bonfire/Info.plist;
				LD_RUNPATH_SEARCH_PATHS = "$(inherited) @executable_path/Frameworks";
				PRODUCT_BUNDLE_IDENTIFIER = com.novoda.bonfire;
				PRODUCT_NAME = Bonfire;
				VERSIONING_SYSTEM = "apple-generic";
			};
			name = Release;
		};
/* End XCBuildConfiguration section */

/* Begin XCConfigurationList section */
		1AB3DE221D0704F500F8EAF5 /* Build configuration list for PBXNativeTarget "BonfireUITests" */ = {
			isa = XCConfigurationList;
			buildConfigurations = (
				1AB3DE201D0704F500F8EAF5 /* Debug */,
				1AB3DE211D0704F500F8EAF5 /* Release */,
			);
			defaultConfigurationIsVisible = 0;
			defaultConfigurationName = Release;
		};
		B63B37831CFD975A00142DC3 /* Build configuration list for PBXNativeTarget "BonfireTests" */ = {
			isa = XCConfigurationList;
			buildConfigurations = (
				B63B37841CFD975A00142DC3 /* Debug */,
				B63B37851CFD975A00142DC3 /* Release */,
			);
			defaultConfigurationIsVisible = 0;
			defaultConfigurationName = Release;
		};
		B654B25E1CE0C38000EEDE0A /* Build configuration list for PBXProject "Bonfire" */ = {
			isa = XCConfigurationList;
			buildConfigurations = (
				B654B27E1CE0C38000EEDE0A /* Debug */,
				B654B27F1CE0C38000EEDE0A /* Release */,
			);
			defaultConfigurationIsVisible = 0;
			defaultConfigurationName = Release;
		};
		B654B2801CE0C38000EEDE0A /* Build configuration list for PBXNativeTarget "Bonfire" */ = {
			isa = XCConfigurationList;
			buildConfigurations = (
				B654B2811CE0C38000EEDE0A /* Debug */,
				B654B2821CE0C38000EEDE0A /* Release */,
			);
			defaultConfigurationIsVisible = 0;
			defaultConfigurationName = Release;
		};
/* End XCConfigurationList section */
	};
	rootObject = B654B25B1CE0C38000EEDE0A /* Project object */;
}
